
Microsoft Visual Studio Solution File, Format Version 12.00
# Visual Studio Version 17
VisualStudioVersion = 17.1.32210.238
MinimumVisualStudioVersion = 10.0.40219.1
Project("{FAE04EC0-301F-11D3-BF4B-00C04F79EFBC}") = "21", "21\21.csproj", "{CAE0F1AB-E966-4641-BA54-0130A9ABA1D6}"
EndProject
Global
	GlobalSection(SolutionConfigurationPlatforms) = preSolution
		Debug|Any CPU = Debug|Any CPU
		Release|Any CPU = Release|Any CPU
	EndGlobalSection
	GlobalSection(ProjectConfigurationPlatforms) = postSolution
		{CAE0F1AB-E966-4641-BA54-0130A9ABA1D6}.Debug|Any CPU.ActiveCfg = Debug|Any CPU
		{CAE0F1AB-E966-4641-BA54-0130A9ABA1D6}.Debug|Any CPU.Build.0 = Debug|Any CPU
		{CAE0F1AB-E966-4641-BA54-0130A9ABA1D6}.Release|Any CPU.ActiveCfg = Release|Any CPU
		{CAE0F1AB-E966-4641-BA54-0130A9ABA1D6}.Release|Any CPU.Build.0 = Release|Any CPU
	EndGlobalSection
	GlobalSection(SolutionProperties) = preSolution
		HideSolutionNode = FALSE
	EndGlobalSection
	GlobalSection(ExtensibilityGlobals) = postSolution
		SolutionGuid = {C058C4F8-E4F9-4005-8E72-437DE63C801C}
	EndGlobalSection
EndGlobal
